
Microsoft Visual Studio Solution File, Format Version 12.00
# Visual Studio Version 16
VisualStudioVersion = 16.0.30320.27
MinimumVisualStudioVersion = 10.0.40219.1
Project("{FAE04EC0-301F-11D3-BF4B-00C04F79EFBC}") = "Lesson_WF", "Lesson_WF.csproj", "{DAD309DE-5183-4397-9BCE-8649D4381E7A}"
EndProject
Global
	GlobalSection(SolutionConfigurationPlatforms) = preSolution
		Debug|Any CPU = Debug|Any CPU
		Release|Any CPU = Release|Any CPU
	EndGlobalSection
	GlobalSection(ProjectConfigurationPlatforms) = postSolution
		{DAD309DE-5183-4397-9BCE-8649D4381E7A}.Debug|Any CPU.ActiveCfg = Debug|Any CPU
		{DAD309DE-5183-4397-9BCE-8649D4381E7A}.Debug|Any CPU.Build.0 = Debug|Any CPU
		{DAD309DE-5183-4397-9BCE-8649D4381E7A}.Release|Any CPU.ActiveCfg = Release|Any CPU
		{DAD309DE-5183-4397-9BCE-8649D4381E7A}.Release|Any CPU.Build.0 = Release|Any CPU
	EndGlobalSection
	GlobalSection(SolutionProperties) = preSolution
		HideSolutionNode = FALSE
	EndGlobalSection
	GlobalSection(ExtensibilityGlobals) = postSolution
		SolutionGuid = {24B13AF9-6C94-483A-8909-F1F0454FFE32}
	EndGlobalSection
EndGlobal
